// !$*UTF8*$!
{
	archiveVersion = 1;
	classes = {
	};
	objectVersion = 50;
	objects = {

/* Begin PBXBuildFile section */
		22F4DCD324B1094200A1C8D4 /* AppDelegate.swift in Sources */ = {isa = PBXBuildFile; fileRef = 22F4DCD224B1094200A1C8D4 /* AppDelegate.swift */; };
		22F4DCD524B1094200A1C8D4 /* SceneDelegate.swift in Sources */ = {isa = PBXBuildFile; fileRef = 22F4DCD424B1094200A1C8D4 /* SceneDelegate.swift */; };
		22F4DCD724B1094200A1C8D4 /* ViewController.swift in Sources */ = {isa = PBXBuildFile; fileRef = 22F4DCD624B1094200A1C8D4 /* ViewController.swift */; };
		22F4DCDA24B1094200A1C8D4 /* Main.storyboard in Resources */ = {isa = PBXBuildFile; fileRef = 22F4DCD824B1094200A1C8D4 /* Main.storyboard */; };
		22F4DCDC24B1094400A1C8D4 /* Assets.xcassets in Resources */ = {isa = PBXBuildFile; fileRef = 22F4DCDB24B1094400A1C8D4 /* Assets.xcassets */; };
		22F4DCDF24B1094400A1C8D4 /* LaunchScreen.storyboard in Resources */ = {isa = PBXBuildFile; fileRef = 22F4DCDD24B1094400A1C8D4 /* LaunchScreen.storyboard */; };
/* End PBXBuildFile section */

/* Begin PBXFileReference section */
		22F4DCCF24B1094200A1C8D4 /* Project_7_8_9_Combine.app */ = {isa = PBXFileReference; explicitFileType = wrapper.application; includeInIndex = 0; path = Project_7_8_9_Combine.app; sourceTree = BUILT_PRODUCTS_DIR; };
		22F4DCD224B1094200A1C8D4 /* AppDelegate.swift */ = {isa = PBXFileReference; lastKnownFileType = sourcecode.swift; path = AppDelegate.swift; sourceTree = "<group>"; };
		22F4DCD424B1094200A1C8D4 /* SceneDelegate.swift */ = {isa = PBXFileReference; lastKnownFileType = sourcecode.swift; path = SceneDelegate.swift; sourceTree = "<group>"; };
		22F4DCD624B1094200A1C8D4 /* ViewController.swift */ = {isa = PBXFileReference; lastKnownFileType = sourcecode.swift; path = ViewController.swift; sourceTree = "<group>"; };
		22F4DCD924B1094200A1C8D4 /* Base */ = {isa = PBXFileReference; lastKnownFileType = file.storyboard; name = Base; path = Base.lproj/Main.storyboard; sourceTree = "<group>"; };
		22F4DCDB24B1094400A1C8D4 /* Assets.xcassets */ = {isa = PBXFileReference; lastKnownFileType = folder.assetcatalog; path = Assets.xcassets; sourceTree = "<group>"; };
		22F4DCDE24B1094400A1C8D4 /* Base */ = {isa = PBXFileReference; lastKnownFileType = file.storyboard; name = Base; path = Base.lproj/LaunchScreen.storyboard; sourceTree = "<group>"; };
		22F4DCE024B1094400A1C8D4 /* Info.plist */ = {isa = PBXFileReference; lastKnownFileType = text.plist.xml; path = Info.plist; sourceTree = "<group>"; };
/* End PBXFileReference section */

/* Begin PBXFrameworksBuildPhase section */
		22F4DCCC24B1094200A1C8D4 /* Frameworks */ = {
			isa = PBXFrameworksBuildPhase;
			buildActionMask = 2147483647;
			files = (
			);
			runOnlyForDeploymentPostprocessing = 0;
		};
/* End PBXFrameworksBuildPhase section */

/* Begin PBXGroup section */
		22F4DCC624B1094200A1C8D4 = {
			isa = PBXGroup;
			children = (
				22F4DCD124B1094200A1C8D4 /* Project_7_8_9_Combine */,
				22F4DCD024B1094200A1C8D4 /* Products */,
			);
			sourceTree = "<group>";
		};
		22F4DCD024B1094200A1C8D4 /* Products */ = {
			isa = PBXGroup;
			children = (
				22F4DCCF24B1094200A1C8D4 /* Project_7_8_9_Combine.app */,
			);
			name = Products;
			sourceTree = "<group>";
		};
		22F4DCD124B1094200A1C8D4 /* Project_7_8_9_Combine */ = {
			isa = PBXGroup;
			children = (
				22F4DCD224B1094200A1C8D4 /* AppDelegate.swift */,
				22F4DCD424B1094200A1C8D4 /* SceneDelegate.swift */,
				22F4DCD624B1094200A1C8D4 /* ViewController.swift */,
				22F4DCD824B1094200A1C8D4 /* Main.storyboard */,
				22F4DCDB24B1094400A1C8D4 /* Assets.xcassets */,
				22F4DCDD24B1094400A1C8D4 /* LaunchScreen.storyboard */,
				22F4DCE024B1094400A1C8D4 /* Info.plist */,
			);
			path = Project_7_8_9_Combine;
			sourceTree = "<group>";
		};
/* End PBXGroup section */

/* Begin PBXNativeTarget section */
		22F4DCCE24B1094200A1C8D4 /* Project_7_8_9_Combine */ = {
			isa = PBXNativeTarget;
			buildConfigurationList = 22F4DCE324B1094400A1C8D4 /* Build configuration list for PBXNativeTarget "Project_7_8_9_Combine" */;
			buildPhases = (
				22F4DCCB24B1094200A1C8D4 /* Sources */,
				22F4DCCC24B1094200A1C8D4 /* Frameworks */,
				22F4DCCD24B1094200A1C8D4 /* Resources */,
			);
			buildRules = (
			);
			dependencies = (
			);
			name = Project_7_8_9_Combine;
			productName = Project_7_8_9_Combine;
			productReference = 22F4DCCF24B1094200A1C8D4 /* Project_7_8_9_Combine.app */;
			productType = "com.apple.product-type.application";
		};
/* End PBXNativeTarget section */

/* Begin PBXProject section */
		22F4DCC724B1094200A1C8D4 /* Project object */ = {
			isa = PBXProject;
			attributes = {
				LastSwiftUpdateCheck = 1140;
				LastUpgradeCheck = 1140;
				ORGANIZATIONNAME = "Subhrajyoti Chakraborty";
				TargetAttributes = {
					22F4DCCE24B1094200A1C8D4 = {
						CreatedOnToolsVersion = 11.4.1;
					};
				};
			};
			buildConfigurationList = 22F4DCCA24B1094200A1C8D4 /* Build configuration list for PBXProject "Project_7_8_9_Combine" */;
			compatibilityVersion = "Xcode 9.3";
			developmentRegion = en;
			hasScannedForEncodings = 0;
			knownRegions = (
				en,
				Base,
			);
			mainGroup = 22F4DCC624B1094200A1C8D4;
			productRefGroup = 22F4DCD024B1094200A1C8D4 /* Products */;
			projectDirPath = "";
			projectRoot = "";
			targets = (
				22F4DCCE24B1094200A1C8D4 /* Project_7_8_9_Combine */,
			);
		};
/* End PBXProject section */

/* Begin PBXResourcesBuildPhase section */
		22F4DCCD24B1094200A1C8D4 /* Resources */ = {
			isa = PBXResourcesBuildPhase;
			buildActionMask = 2147483647;
			files = (
				22F4DCDF24B1094400A1C8D4 /* LaunchScreen.storyboard in Resources */,
				22F4DCDC24B1094400A1C8D4 /* Assets.xcassets in Resources */,
				22F4DCDA24B1094200A1C8D4 /* Main.storyboard in Resources */,
			);
			runOnlyForDeploymentPostprocessing = 0;
		};
/* End PBXResourcesBuildPhase section */

/* Begin PBXSourcesBuildPhase section */
		22F4DCCB24B1094200A1C8D4 /* Sources */ = {
			isa = PBXSourcesBuildPhase;
			buildActionMask = 2147483647;
			files = (
				22F4DCD724B1094200A1C8D4 /* ViewController.swift in Sources */,
				22F4DCD324B1094200A1C8D4 /* AppDelegate.swift in Sources */,
				22F4DCD524B1094200A1C8D4 /* SceneDelegate.swift in Sources */,
			);
			runOnlyForDeploymentPostprocessing = 0;
		};
/* End PBXSourcesBuildPhase section */

/* Begin PBXVariantGroup section */
		22F4DCD824B1094200A1C8D4 /* Main.storyboard */ = {
			isa = PBXVariantGroup;
			children = (
				22F4DCD924B1094200A1C8D4 /* Base */,
			);
			name = Main.storyboard;
			sourceTree = "<group>";
		};
		22F4DCDD24B1094400A1C8D4 /* LaunchScreen.storyboard */ = {
			isa = PBXVariantGroup;
			children = (
				22F4DCDE24B1094400A1C8D4 /* Base */,
			);
			name = LaunchScreen.storyboard;
			sourceTree = "<group>";
		};
/* End PBXVariantGroup section */

/* Begin XCBuildConfiguration section */
		22F4DCE124B1094400A1C8D4 /* Debug */ = {
			isa = XCBuildConfiguration;
			buildSettings = {
				ALWAYS_SEARCH_USER_PATHS = NO;
				CLANG_ANALYZER_NONNULL = YES;
				CLANG_ANALYZER_NUMBER_OBJECT_CONVERSION = YES_AGGRESSIVE;
				CLANG_CXX_LANGUAGE_STANDARD = "gnu++14";
				CLANG_CXX_LIBRARY = "libc++";
				CLANG_ENABLE_MODULES = YES;
				CLANG_ENABLE_OBJC_ARC = YES;
				CLANG_ENABLE_OBJC_WEAK = YES;
				CLANG_WARN_BLOCK_CAPTURE_AUTORELEASING = YES;
				CLANG_WARN_BOOL_CONVERSION = YES;
				CLANG_WARN_COMMA = YES;
				CLANG_WARN_CONSTANT_CONVERSION = YES;
				CLANG_WARN_DEPRECATED_OBJC_IMPLEMENTATIONS = YES;
				CLANG_WARN_DIRECT_OBJC_ISA_USAGE = YES_ERROR;
				CLANG_WARN_DOCUMENTATION_COMMENTS = YES;
				CLANG_WARN_EMPTY_BODY = YES;
				CLANG_WARN_ENUM_CONVERSION = YES;
				CLANG_WARN_INFINITE_RECURSION = YES;
				CLANG_WARN_INT_CONVERSION = YES;
				CLANG_WARN_NON_LITERAL_NULL_CONVERSION = YES;
				CLANG_WARN_OBJC_IMPLICIT_RETAIN_SELF = YES;
				CLANG_WARN_OBJC_LITERAL_CONVERSION = YES;
				CLANG_WARN_OBJC_ROOT_CLASS = YES_ERROR;
				CLANG_WARN_RANGE_LOOP_ANALYSIS = YES;
				CLANG_WARN_STRICT_PROTOTYPES = YES;
				CLANG_WARN_SUSPICIOUS_MOVE = YES;
				CLANG_WARN_UNGUARDED_AVAILABILITY = YES_AGGRESSIVE;
				CLANG_WARN_UNREACHABLE_CODE = YES;
				CLANG_WARN__DUPLICATE_METHOD_MATCH = YES;
				COPY_PHASE_STRIP = NO;
				DEBUG_INFORMATION_FORMAT = dwarf;
				ENABLE_STRICT_OBJC_MSGSEND = YES;
				ENABLE_TESTABILITY = YES;
				GCC_C_LANGUAGE_STANDARD = gnu11;
				GCC_DYNAMIC_NO_PIC = NO;
				GCC_NO_COMMON_BLOCKS = YES;
				GCC_OPTIMIZATION_LEVEL = 0;
				GCC_PREPROCESSOR_DEFINITIONS = (
					"DEBUG=1",
					"$(inherited)",
				);
				GCC_WARN_64_TO_32_BIT_CONVERSION = YES;
				GCC_WARN_ABOUT_RETURN_TYPE = YES_ERROR;
				GCC_WARN_UNDECLARED_SELECTOR = YES;
				GCC_WARN_UNINITIALIZED_AUTOS = YES_AGGRESSIVE;
				GCC_WARN_UNUSED_FUNCTION = YES;
				GCC_WARN_UNUSED_VARIABLE = YES;
				IPHONEOS_DEPLOYMENT_TARGET = 13.4;
				MTL_ENABLE_DEBUG_INFO = INCLUDE_SOURCE;
				MTL_FAST_MATH = YES;
				ONLY_ACTIVE_ARCH = YES;
				SDKROOT = iphoneos;
				SWIFT_ACTIVE_COMPILATION_CONDITIONS = DEBUG;
				SWIFT_OPTIMIZATION_LEVEL = "-Onone";
			};
			name = Debug;
		};
		22F4DCE224B1094400A1C8D4 /* Release */ = {
			isa = XCBuildConfiguration;
			buildSettings = {
				ALWAYS_SEARCH_USER_PATHS = NO;
				CLANG_ANALYZER_NONNULL = YES;
				CLANG_ANALYZER_NUMBER_OBJECT_CONVERSION = YES_AGGRESSIVE;
				CLANG_CXX_LANGUAGE_STANDARD = "gnu++14";
				CLANG_CXX_LIBRARY = "libc++";
				CLANG_ENABLE_MODULES = YES;
				CLANG_ENABLE_OBJC_ARC = YES;
				CLANG_ENABLE_OBJC_WEAK = YES;
				CLANG_WARN_BLOCK_CAPTURE_AUTORELEASING = YES;
				CLANG_WARN_BOOL_CONVERSION = YES;
				CLANG_WARN_COMMA = YES;
				CLANG_WARN_CONSTANT_CONVERSION = YES;
				CLANG_WARN_DEPRECATED_OBJC_IMPLEMENTATIONS = YES;
				CLANG_WARN_DIRECT_OBJC_ISA_USAGE = YES_ERROR;
				CLANG_WARN_DOCUMENTATION_COMMENTS = YES;
				CLANG_WARN_EMPTY_BODY = YES;
				CLANG_WARN_ENUM_CONVERSION = YES;
				CLANG_WARN_INFINITE_RECURSION = YES;
				CLANG_WARN_INT_CONVERSION = YES;
				CLANG_WARN_NON_LITERAL_NULL_CONVERSION = YES;
				CLANG_WARN_OBJC_IMPLICIT_RETAIN_SELF = YES;
				CLANG_WARN_OBJC_LITERAL_CONVERSION = YES;
				CLANG_WARN_OBJC_ROOT_CLASS = YES_ERROR;
				CLANG_WARN_RANGE_LOOP_ANALYSIS = YES;
				CLANG_WARN_STRICT_PROTOTYPES = YES;
				CLANG_WARN_SUSPICIOUS_MOVE = YES;
				CLANG_WARN_UNGUARDED_AVAILABILITY = YES_AGGRESSIVE;
				CLANG_WARN_UNREACHABLE_CODE = YES;
				CLANG_WARN__DUPLICATE_METHOD_MATCH = YES;
				COPY_PHASE_STRIP = NO;
				DEBUG_INFORMATION_FORMAT = "dwarf-with-dsym";
				ENABLE_NS_ASSERTIONS = NO;
				ENABLE_STRICT_OBJC_MSGSEND = YES;
				GCC_C_LANGUAGE_STANDARD = gnu11;
				GCC_NO_COMMON_BLOCKS = YES;
				GCC_WARN_64_TO_32_BIT_CONVERSION = YES;
				GCC_WARN_ABOUT_RETURN_TYPE = YES_ERROR;
				GCC_WARN_UNDECLARED_SELECTOR = YES;
				GCC_WARN_UNINITIALIZED_AUTOS = YES_AGGRESSIVE;
				GCC_WARN_UNUSED_FUNCTION = YES;
				GCC_WARN_UNUSED_VARIABLE = YES;
				IPHONEOS_DEPLOYMENT_TARGET = 13.4;
				MTL_ENABLE_DEBUG_INFO = NO;
				MTL_FAST_MATH = YES;
				SDKROOT = iphoneos;
				SWIFT_COMPILATION_MODE = wholemodule;
				SWIFT_OPTIMIZATION_LEVEL = "-O";
				VALIDATE_PRODUCT = YES;
			};
			name = Release;
		};
		22F4DCE424B1094400A1C8D4 /* Debug */ = {
			isa = XCBuildConfiguration;
			buildSettings = {
				ASSETCATALOG_COMPILER_APPICON_NAME = AppIcon;
				CODE_SIGN_STYLE = Automatic;
				INFOPLIST_FILE = Project_7_8_9_Combine/Info.plist;
				LD_RUNPATH_SEARCH_PATHS = (
					"$(inherited)",
					"@executable_path/Frameworks",
				);
				PRODUCT_BUNDLE_IDENTIFIER = "com.subha.Project-7-8-9-Combine";
				PRODUCT_NAME = "$(TARGET_NAME)";
				SWIFT_VERSION = 5.0;
				TARGETED_DEVICE_FAMILY = "1,2";
			};
			name = Debug;
		};
		22F4DCE524B1094400A1C8D4 /* Release */ = {
			isa = XCBuildConfiguration;
			buildSettings = {
				ASSETCATALOG_COMPILER_APPICON_NAME = AppIcon;
				CODE_SIGN_STYLE = Automatic;
				INFOPLIST_FILE = Project_7_8_9_Combine/Info.plist;
				LD_RUNPATH_SEARCH_PATHS = (
					"$(inherited)",
					"@executable_path/Frameworks",
				);
				PRODUCT_BUNDLE_IDENTIFIER = "com.subha.Project-7-8-9-Combine";
				PRODUCT_NAME = "$(TARGET_NAME)";
				SWIFT_VERSION = 5.0;
				TARGETED_DEVICE_FAMILY = "1,2";
			};
			name = Release;
		};
/* End XCBuildConfiguration section */

/* Begin XCConfigurationList section */
		22F4DCCA24B1094200A1C8D4 /* Build configuration list for PBXProject "Project_7_8_9_Combine" */ = {
			isa = XCConfigurationList;
			buildConfigurations = (
				22F4DCE124B1094400A1C8D4 /* Debug */,
				22F4DCE224B1094400A1C8D4 /* Release */,
			);
			defaultConfigurationIsVisible = 0;
			defaultConfigurationName = Release;
		};
		22F4DCE324B1094400A1C8D4 /* Build configuration list for PBXNativeTarget "Project_7_8_9_Combine" */ = {
			isa = XCConfigurationList;
			buildConfigurations = (
				22F4DCE424B1094400A1C8D4 /* Debug */,
				22F4DCE524B1094400A1C8D4 /* Release */,
			);
			defaultConfigurationIsVisible = 0;
			defaultConfigurationName = Release;
		};
/* End XCConfigurationList section */
	};
	rootObject = 22F4DCC724B1094200A1C8D4 /* Project object */;
}
